
Microsoft Visual Studio Solution File, Format Version 12.00
# Visual Studio Version 16
VisualStudioVersion = 16.0.31129.286
MinimumVisualStudioVersion = 10.0.40219.1
Project("{FAE04EC0-301F-11D3-BF4B-00C04F79EFBC}") = "practice2", "practice2\practice2.csproj", "{D7A7CE26-B938-4266-B902-B42B93CAEFB6}"
EndProject
Global
	GlobalSection(SolutionConfigurationPlatforms) = preSolution
		Debug|Any CPU = Debug|Any CPU
		Release|Any CPU = Release|Any CPU
	EndGlobalSection
	GlobalSection(ProjectConfigurationPlatforms) = postSolution
		{D7A7CE26-B938-4266-B902-B42B93CAEFB6}.Debug|Any CPU.ActiveCfg = Debug|Any CPU
		{D7A7CE26-B938-4266-B902-B42B93CAEFB6}.Debug|Any CPU.Build.0 = Debug|Any CPU
		{D7A7CE26-B938-4266-B902-B42B93CAEFB6}.Release|Any CPU.ActiveCfg = Release|Any CPU
		{D7A7CE26-B938-4266-B902-B42B93CAEFB6}.Release|Any CPU.Build.0 = Release|Any CPU
	EndGlobalSection
	GlobalSection(SolutionProperties) = preSolution
		HideSolutionNode = FALSE
	EndGlobalSection
	GlobalSection(ExtensibilityGlobals) = postSolution
		SolutionGuid = {41EB78EC-0F3D-4AF4-BB14-6E5A488E99C2}
	EndGlobalSection
EndGlobal
