
Microsoft Visual Studio Solution File, Format Version 12.00
# Visual Studio Version 16
VisualStudioVersion = 16.0.31129.286
MinimumVisualStudioVersion = 10.0.40219.1
Project("{FAE04EC0-301F-11D3-BF4B-00C04F79EFBC}") = "WindowsFormsApp3", "WindowsFormsApp3\WindowsFormsApp3.csproj", "{373B84A3-1571-4226-B613-4BDFCCE04AE1}"
EndProject
Global
	GlobalSection(SolutionConfigurationPlatforms) = preSolution
		Debug|Any CPU = Debug|Any CPU
		Release|Any CPU = Release|Any CPU
	EndGlobalSection
	GlobalSection(ProjectConfigurationPlatforms) = postSolution
		{373B84A3-1571-4226-B613-4BDFCCE04AE1}.Debug|Any CPU.ActiveCfg = Debug|Any CPU
		{373B84A3-1571-4226-B613-4BDFCCE04AE1}.Debug|Any CPU.Build.0 = Debug|Any CPU
		{373B84A3-1571-4226-B613-4BDFCCE04AE1}.Release|Any CPU.ActiveCfg = Release|Any CPU
		{373B84A3-1571-4226-B613-4BDFCCE04AE1}.Release|Any CPU.Build.0 = Release|Any CPU
	EndGlobalSection
	GlobalSection(SolutionProperties) = preSolution
		HideSolutionNode = FALSE
	EndGlobalSection
	GlobalSection(ExtensibilityGlobals) = postSolution
		SolutionGuid = {BE060063-2B9D-4620-9778-9A8F0A54F258}
	EndGlobalSection
EndGlobal
